
Microsoft Visual Studio Solution File, Format Version 12.00
Project("{FAE04EC0-301F-11D3-BF4B-00C04F79EFBC}") = "BYT", "BYT\BYT.csproj", "{47639AD7-DAD5-4147-9229-3B4641FC3611}"
EndProject
Global
	GlobalSection(SolutionConfigurationPlatforms) = preSolution
		Debug|Any CPU = Debug|Any CPU
		Release|Any CPU = Release|Any CPU
	EndGlobalSection
	GlobalSection(ProjectConfigurationPlatforms) = postSolution
		{47639AD7-DAD5-4147-9229-3B4641FC3611}.Debug|Any CPU.ActiveCfg = Debug|Any CPU
		{47639AD7-DAD5-4147-9229-3B4641FC3611}.Debug|Any CPU.Build.0 = Debug|Any CPU
		{47639AD7-DAD5-4147-9229-3B4641FC3611}.Release|Any CPU.ActiveCfg = Release|Any CPU
		{47639AD7-DAD5-4147-9229-3B4641FC3611}.Release|Any CPU.Build.0 = Release|Any CPU
	EndGlobalSection
EndGlobal
